
Microsoft Visual Studio Solution File, Format Version 12.00
# Visual Studio Version 16
VisualStudioVersion = 16.0.32802.440
MinimumVisualStudioVersion = 10.0.40219.1
Project("{FAE04EC0-301F-11D3-BF4B-00C04F79EFBC}") = "BTTH3.Android", "BTTH3\BTTH3.Android\BTTH3.Android.csproj", "{14564166-2C21-4B91-82FA-9DA1E48FE7F0}"
EndProject
Project("{FAE04EC0-301F-11D3-BF4B-00C04F79EFBC}") = "BTTH3.iOS", "BTTH3\BTTH3.iOS\BTTH3.iOS.csproj", "{57CE50EB-4640-48F0-9127-E0FFAB13A492}"
EndProject
Project("{FAE04EC0-301F-11D3-BF4B-00C04F79EFBC}") = "BTTH3", "BTTH3\BTTH3\BTTH3.csproj", "{06F9A9F2-375B-4EC4-9A02-7A31BC4A1983}"
EndProject
Global
	GlobalSection(SolutionConfigurationPlatforms) = preSolution
		Debug|Any CPU = Debug|Any CPU
		Debug|iPhone = Debug|iPhone
		Debug|iPhoneSimulator = Debug|iPhoneSimulator
		Release|Any CPU = Release|Any CPU
		Release|iPhone = Release|iPhone
		Release|iPhoneSimulator = Release|iPhoneSimulator
	EndGlobalSection
	GlobalSection(ProjectConfigurationPlatforms) = postSolution
		{14564166-2C21-4B91-82FA-9DA1E48FE7F0}.Debug|Any CPU.ActiveCfg = Debug|Any CPU
		{14564166-2C21-4B91-82FA-9DA1E48FE7F0}.Debug|Any CPU.Build.0 = Debug|Any CPU
		{14564166-2C21-4B91-82FA-9DA1E48FE7F0}.Debug|Any CPU.Deploy.0 = Debug|Any CPU
		{14564166-2C21-4B91-82FA-9DA1E48FE7F0}.Debug|iPhone.ActiveCfg = Debug|Any CPU
		{14564166-2C21-4B91-82FA-9DA1E48FE7F0}.Debug|iPhone.Build.0 = Debug|Any CPU
		{14564166-2C21-4B91-82FA-9DA1E48FE7F0}.Debug|iPhone.Deploy.0 = Debug|Any CPU
		{14564166-2C21-4B91-82FA-9DA1E48FE7F0}.Debug|iPhoneSimulator.ActiveCfg = Debug|Any CPU
		{14564166-2C21-4B91-82FA-9DA1E48FE7F0}.Debug|iPhoneSimulator.Build.0 = Debug|Any CPU
		{14564166-2C21-4B91-82FA-9DA1E48FE7F0}.Debug|iPhoneSimulator.Deploy.0 = Debug|Any CPU
		{14564166-2C21-4B91-82FA-9DA1E48FE7F0}.Release|Any CPU.ActiveCfg = Release|Any CPU
		{14564166-2C21-4B91-82FA-9DA1E48FE7F0}.Release|Any CPU.Build.0 = Release|Any CPU
		{14564166-2C21-4B91-82FA-9DA1E48FE7F0}.Release|Any CPU.Deploy.0 = Release|Any CPU
		{14564166-2C21-4B91-82FA-9DA1E48FE7F0}.Release|iPhone.ActiveCfg = Release|Any CPU
		{14564166-2C21-4B91-82FA-9DA1E48FE7F0}.Release|iPhone.Build.0 = Release|Any CPU
		{14564166-2C21-4B91-82FA-9DA1E48FE7F0}.Release|iPhone.Deploy.0 = Release|Any CPU
		{14564166-2C21-4B91-82FA-9DA1E48FE7F0}.Release|iPhoneSimulator.ActiveCfg = Release|Any CPU
		{14564166-2C21-4B91-82FA-9DA1E48FE7F0}.Release|iPhoneSimulator.Build.0 = Release|Any CPU
		{14564166-2C21-4B91-82FA-9DA1E48FE7F0}.Release|iPhoneSimulator.Deploy.0 = Release|Any CPU
		{57CE50EB-4640-48F0-9127-E0FFAB13A492}.Debug|Any CPU.ActiveCfg = Debug|iPhone
		{57CE50EB-4640-48F0-9127-E0FFAB13A492}.Debug|Any CPU.Build.0 = Debug|iPhone
		{57CE50EB-4640-48F0-9127-E0FFAB13A492}.Debug|Any CPU.Deploy.0 = Debug|iPhone
		{57CE50EB-4640-48F0-9127-E0FFAB13A492}.Debug|iPhone.ActiveCfg = Debug|iPhone
		{57CE50EB-4640-48F0-9127-E0FFAB13A492}.Debug|iPhone.Build.0 = Debug|iPhone
		{57CE50EB-4640-48F0-9127-E0FFAB13A492}.Debug|iPhone.Deploy.0 = Debug|iPhone
		{57CE50EB-4640-48F0-9127-E0FFAB13A492}.Debug|iPhoneSimulator.ActiveCfg = Debug|iPhoneSimulator
		{57CE50EB-4640-48F0-9127-E0FFAB13A492}.Debug|iPhoneSimulator.Build.0 = Debug|iPhoneSimulator
		{57CE50EB-4640-48F0-9127-E0FFAB13A492}.Debug|iPhoneSimulator.Deploy.0 = Debug|iPhoneSimulator
		{57CE50EB-4640-48F0-9127-E0FFAB13A492}.Release|Any CPU.ActiveCfg = Release|iPhoneSimulator
		{57CE50EB-4640-48F0-9127-E0FFAB13A492}.Release|Any CPU.Build.0 = Release|iPhoneSimulator
		{57CE50EB-4640-48F0-9127-E0FFAB13A492}.Release|Any CPU.Deploy.0 = Release|iPhoneSimulator
		{57CE50EB-4640-48F0-9127-E0FFAB13A492}.Release|iPhone.ActiveCfg = Release|iPhone
		{57CE50EB-4640-48F0-9127-E0FFAB13A492}.Release|iPhone.Build.0 = Release|iPhone
		{57CE50EB-4640-48F0-9127-E0FFAB13A492}.Release|iPhone.Deploy.0 = Release|iPhone
		{57CE50EB-4640-48F0-9127-E0FFAB13A492}.Release|iPhoneSimulator.ActiveCfg = Release|iPhoneSimulator
		{57CE50EB-4640-48F0-9127-E0FFAB13A492}.Release|iPhoneSimulator.Build.0 = Release|iPhoneSimulator
		{57CE50EB-4640-48F0-9127-E0FFAB13A492}.Release|iPhoneSimulator.Deploy.0 = Release|iPhoneSimulator
		{06F9A9F2-375B-4EC4-9A02-7A31BC4A1983}.Debug|Any CPU.ActiveCfg = Debug|Any CPU
		{06F9A9F2-375B-4EC4-9A02-7A31BC4A1983}.Debug|Any CPU.Build.0 = Debug|Any CPU
		{06F9A9F2-375B-4EC4-9A02-7A31BC4A1983}.Debug|Any CPU.Deploy.0 = Debug|Any CPU
		{06F9A9F2-375B-4EC4-9A02-7A31BC4A1983}.Debug|iPhone.ActiveCfg = Debug|Any CPU
		{06F9A9F2-375B-4EC4-9A02-7A31BC4A1983}.Debug|iPhone.Build.0 = Debug|Any CPU
		{06F9A9F2-375B-4EC4-9A02-7A31BC4A1983}.Debug|iPhone.Deploy.0 = Debug|Any CPU
		{06F9A9F2-375B-4EC4-9A02-7A31BC4A1983}.Debug|iPhoneSimulator.ActiveCfg = Debug|Any CPU
		{06F9A9F2-375B-4EC4-9A02-7A31BC4A1983}.Debug|iPhoneSimulator.Build.0 = Debug|Any CPU
		{06F9A9F2-375B-4EC4-9A02-7A31BC4A1983}.Debug|iPhoneSimulator.Deploy.0 = Debug|Any CPU
		{06F9A9F2-375B-4EC4-9A02-7A31BC4A1983}.Release|Any CPU.ActiveCfg = Release|Any CPU
		{06F9A9F2-375B-4EC4-9A02-7A31BC4A1983}.Release|Any CPU.Build.0 = Release|Any CPU
		{06F9A9F2-375B-4EC4-9A02-7A31BC4A1983}.Release|Any CPU.Deploy.0 = Release|Any CPU
		{06F9A9F2-375B-4EC4-9A02-7A31BC4A1983}.Release|iPhone.ActiveCfg = Release|Any CPU
		{06F9A9F2-375B-4EC4-9A02-7A31BC4A1983}.Release|iPhone.Build.0 = Release|Any CPU
		{06F9A9F2-375B-4EC4-9A02-7A31BC4A1983}.Release|iPhone.Deploy.0 = Release|Any CPU
		{06F9A9F2-375B-4EC4-9A02-7A31BC4A1983}.Release|iPhoneSimulator.ActiveCfg = Release|Any CPU
		{06F9A9F2-375B-4EC4-9A02-7A31BC4A1983}.Release|iPhoneSimulator.Build.0 = Release|Any CPU
		{06F9A9F2-375B-4EC4-9A02-7A31BC4A1983}.Release|iPhoneSimulator.Deploy.0 = Release|Any CPU
	EndGlobalSection
	GlobalSection(SolutionProperties) = preSolution
		HideSolutionNode = FALSE
	EndGlobalSection
	GlobalSection(ExtensibilityGlobals) = postSolution
		SolutionGuid = {A6C177B7-9623-413E-AF74-4FE5040394F8}
	EndGlobalSection
EndGlobal
